hash: 3ae2dd367f13ff052abce2a431fbc7964de6d28b82e2995f38d9e5d60e0c5979
updated: 2016-06-24T14:06:34.668593833-03:00
imports:
- name: github.com/dgrijalva/jwt-go
  version: f0777076321ab64f6efc15a82d9d23b98539b943
- name: github.com/labstack/echo
  version: 08f714750872c45b6f3893a9803dc52822971ae3
devImports: []
